Microsoft Visual Studio Solution File, Format Version 12.00
# Visual Studio 15
VisualStudioVersion = 15.0.27130.2020
MinimumVisualStudioVersion = 10.0.40219.1
Project("{2150E333-8FDC-42A3-9474-1A3956D46DE8}") = "MedusaEngine", "MedusaEngine", "{ADAC4279-432A-45C8-9CDF-687926EEE81E}"
EndProject
Project("{2150E333-8FDC-42A3-9474-1A3956D46DE8}") = "ThirdParty", "ThirdParty", "{EB89619D-E290-4859-A94D-3D96CB4B0250}"
EndProject
Project("{8BC9CEB8-8B4A-11D0-8D11-00A0C91BC942}") = "ChronDemon", "ChronDemon\ChronDemon.vcxproj", "{48CA07AD-2F5A-4EEF-BC76-C6AF1DB2B0E5}"
EndProject
Project("{8BC9CEB8-8B4A-11D0-8D11-00A0C91BC942}") = "GCQ", "..\medusa\GCQ\GCQ.vcxproj", "{6276A121-5951-40D4-B2ED-0325573E8055}"
EndProject
Project("{8BC9CEB8-8B4A-11D0-8D11-00A0C91BC942}") = "GCQDB", "GCQDB\GCQDB.vcxproj", "{7284EA97-94FA-4EBD-AAD9-2310FBDFB950}"
EndProject
Project("{8BC9CEB8-8B4A-11D0-8D11-00A0C91BC942}") = "GCQS", "Gcqs\GCQS.vcxproj", "{EE2769FC-9D30-429C-A923-2F366FCE93EE}"
EndProject
Project("{8BC9CEB8-8B4A-11D0-8D11-00A0C91BC942}") = "LogServer", "LogServer\LogServer.vcxproj", "{F624D314-D4D8-4180-B149-5A773A5B7DB8}"
EndProject
Project("{8BC9CEB8-8B4A-11D0-8D11-00A0C91BC942}") = "MetaServer", "MetaServer\MetaServer.vcxproj", "{5980A896-5555-4A72-B90C-5CCB71DC8E74}"
EndProject
Project("{8BC9CEB8-8B4A-11D0-8D11-00A0C91BC942}") = "MirrorServer", "MirrorServer\MirrorServer.vcxproj", "{8F38C29B-8796-4303-BC5A-30DEF689D99F}"
EndProject
Project("{8BC9CEB8-8B4A-11D0-8D11-00A0C91BC942}") = "ProcessServer", "ProcessServer\ProcessServer.vcxproj", "{ED6672E2-A0EE-427C-A3E1-5429946B5985}"
EndProject
Project("{8BC9CEB8-8B4A-11D0-8D11-00A0C91BC942}") = "RotateLogs", "RotateLogs\RotateLogs.vcxproj", "{00FFF353-EC55-4872-979B-D3211D87A883}"
EndProject
Project("{8BC9CEB8-8B4A-11D0-8D11-00A0C91BC942}") = "Medusa", "..\Medusa\Medusa\Medusa.vcxproj", "{93AD8E65-FB3A-414D-BA0B-6E8FFDDB6CAB}"
EndProject
Project("{8BC9CEB8-8B4A-11D0-8D11-00A0C91BC942}") = "Network", "..\medusa\Network\Network.vcxproj", "{1E5779FC-265E-4331-AAAD-79AAFD688DA4}"
EndProject
Global
	GlobalSection(SolutionConfigurationPlatforms) = preSolution
		Debug|Win32 = Debug|Win32
		DebugLinux|Win32 = DebugLinux|Win32
		Release|Win32 = Release|Win32
		ReleaseLinux|Win32 = ReleaseLinux|Win32
	EndGlobalSection
	GlobalSection(ProjectConfigurationPlatforms) = postSolution
		{48CA07AD-2F5A-4EEF-BC76-C6AF1DB2B0E5}.Debug|Win32.ActiveCfg = Debug|Win32
		{48CA07AD-2F5A-4EEF-BC76-C6AF1DB2B0E5}.Debug|Win32.Build.0 = Debug|Win32
		{48CA07AD-2F5A-4EEF-BC76-C6AF1DB2B0E5}.DebugLinux|Win32.ActiveCfg = DebugLinux|Win32
		{48CA07AD-2F5A-4EEF-BC76-C6AF1DB2B0E5}.DebugLinux|Win32.Build.0 = DebugLinux|Win32
		{48CA07AD-2F5A-4EEF-BC76-C6AF1DB2B0E5}.Release|Win32.ActiveCfg = Release|Win32
		{48CA07AD-2F5A-4EEF-BC76-C6AF1DB2B0E5}.Release|Win32.Build.0 = Release|Win32
		{48CA07AD-2F5A-4EEF-BC76-C6AF1DB2B0E5}.ReleaseLinux|Win32.ActiveCfg = ReleaseLinux|Win32
		{48CA07AD-2F5A-4EEF-BC76-C6AF1DB2B0E5}.ReleaseLinux|Win32.Build.0 = ReleaseLinux|Win32
		{6276A121-5951-40D4-B2ED-0325573E8055}.Debug|Win32.ActiveCfg = Debug|Win32
		{6276A121-5951-40D4-B2ED-0325573E8055}.Debug|Win32.Build.0 = Debug|Win32
		{6276A121-5951-40D4-B2ED-0325573E8055}.DebugLinux|Win32.ActiveCfg = DebugLinux|Win32
		{6276A121-5951-40D4-B2ED-0325573E8055}.DebugLinux|Win32.Build.0 = DebugLinux|Win32
		{6276A121-5951-40D4-B2ED-0325573E8055}.Release|Win32.ActiveCfg = Release|Win32
		{6276A121-5951-40D4-B2ED-0325573E8055}.Release|Win32.Build.0 = Release|Win32
		{6276A121-5951-40D4-B2ED-0325573E8055}.ReleaseLinux|Win32.ActiveCfg = ReleaseLinux|Win32
		{6276A121-5951-40D4-B2ED-0325573E8055}.ReleaseLinux|Win32.Build.0 = ReleaseLinux|Win32
		{7284EA97-94FA-4EBD-AAD9-2310FBDFB950}.Debug|Win32.ActiveCfg = Debug|Win32
		{7284EA97-94FA-4EBD-AAD9-2310FBDFB950}.Debug|Win32.Build.0 = Debug|Win32
		{7284EA97-94FA-4EBD-AAD9-2310FBDFB950}.DebugLinux|Win32.ActiveCfg = DebugLinux|Win32
		{7284EA97-94FA-4EBD-AAD9-2310FBDFB950}.DebugLinux|Win32.Build.0 = DebugLinux|Win32
		{7284EA97-94FA-4EBD-AAD9-2310FBDFB950}.Release|Win32.ActiveCfg = Release|Win32
		{7284EA97-94FA-4EBD-AAD9-2310FBDFB950}.Release|Win32.Build.0 = Release|Win32
		{7284EA97-94FA-4EBD-AAD9-2310FBDFB950}.ReleaseLinux|Win32.ActiveCfg = ReleaseLinux|Win32
		{7284EA97-94FA-4EBD-AAD9-2310FBDFB950}.ReleaseLinux|Win32.Build.0 = ReleaseLinux|Win32
		{EE2769FC-9D30-429C-A923-2F366FCE93EE}.Debug|Win32.ActiveCfg = Debug|Win32
		{EE2769FC-9D30-429C-A923-2F366FCE93EE}.Debug|Win32.Build.0 = Debug|Win32
		{EE2769FC-9D30-429C-A923-2F366FCE93EE}.DebugLinux|Win32.ActiveCfg = DebugLinux|Win32
		{EE2769FC-9D30-429C-A923-2F366FCE93EE}.DebugLinux|Win32.Build.0 = DebugLinux|Win32
		{EE2769FC-9D30-429C-A923-2F366FCE93EE}.Release|Win32.ActiveCfg = Release|Win32
		{EE2769FC-9D30-429C-A923-2F366FCE93EE}.Release|Win32.Build.0 = Release|Win32
		{EE2769FC-9D30-429C-A923-2F366FCE93EE}.ReleaseLinux|Win32.ActiveCfg = ReleaseLinux|Win32
		{EE2769FC-9D30-429C-A923-2F366FCE93EE}.ReleaseLinux|Win32.Build.0 = ReleaseLinux|Win32
		{F624D314-D4D8-4180-B149-5A773A5B7DB8}.Debug|Win32.ActiveCfg = Debug|Win32
		{F624D314-D4D8-4180-B149-5A773A5B7DB8}.Debug|Win32.Build.0 = Debug|Win32
		{F624D314-D4D8-4180-B149-5A773A5B7DB8}.DebugLinux|Win32.ActiveCfg = DebugLinux|Win32
		{F624D314-D4D8-4180-B149-5A773A5B7DB8}.DebugLinux|Win32.Build.0 = DebugLinux|Win32
		{F624D314-D4D8-4180-B149-5A773A5B7DB8}.Release|Win32.ActiveCfg = Release|Win32
		{F624D314-D4D8-4180-B149-5A773A5B7DB8}.Release|Win32.Build.0 = Release|Win32
		{F624D314-D4D8-4180-B149-5A773A5B7DB8}.ReleaseLinux|Win32.ActiveCfg = ReleaseLinux|Win32
		{F624D314-D4D8-4180-B149-5A773A5B7DB8}.ReleaseLinux|Win32.Build.0 = ReleaseLinux|Win32
		{5980A896-5555-4A72-B90C-5CCB71DC8E74}.Debug|Win32.ActiveCfg = Debug|Win32
		{5980A896-5555-4A72-B90C-5CCB71DC8E74}.Debug|Win32.Build.0 = Debug|Win32
		{5980A896-5555-4A72-B90C-5CCB71DC8E74}.DebugLinux|Win32.ActiveCfg = DebugLinux|Win32
		{5980A896-5555-4A72-B90C-5CCB71DC8E74}.DebugLinux|Win32.Build.0 = DebugLinux|Win32
		{5980A896-5555-4A72-B90C-5CCB71DC8E74}.Release|Win32.ActiveCfg = Release|Win32
		{5980A896-5555-4A72-B90C-5CCB71DC8E74}.Release|Win32.Build.0 = Release|Win32
		{5980A896-5555-4A72-B90C-5CCB71DC8E74}.ReleaseLinux|Win32.ActiveCfg = ReleaseLinux|Win32
		{5980A896-5555-4A72-B90C-5CCB71DC8E74}.ReleaseLinux|Win32.Build.0 = ReleaseLinux|Win32
		{8F38C29B-8796-4303-BC5A-30DEF689D99F}.Debug|Win32.ActiveCfg = Debug|Win32
		{8F38C29B-8796-4303-BC5A-30DEF689D99F}.Debug|Win32.Build.0 = Debug|Win32
		{8F38C29B-8796-4303-BC5A-30DEF689D99F}.DebugLinux|Win32.ActiveCfg = DebugLinux|Win32
		{8F38C29B-8796-4303-BC5A-30DEF689D99F}.DebugLinux|Win32.Build.0 = DebugLinux|Win32
		{8F38C29B-8796-4303-BC5A-30DEF689D99F}.Release|Win32.ActiveCfg = Release|Win32
		{8F38C29B-8796-4303-BC5A-30DEF689D99F}.Release|Win32.Build.0 = Release|Win32
		{8F38C29B-8796-4303-BC5A-30DEF689D99F}.ReleaseLinux|Win32.ActiveCfg = ReleaseLinux|Win32
		{8F38C29B-8796-4303-BC5A-30DEF689D99F}.ReleaseLinux|Win32.Build.0 = ReleaseLinux|Win32
		{ED6672E2-A0EE-427C-A3E1-5429946B5985}.Debug|Win32.ActiveCfg = Debug|Win32
		{ED6672E2-A0EE-427C-A3E1-5429946B5985}.Debug|Win32.Build.0 = Debug|Win32
		{ED6672E2-A0EE-427C-A3E1-5429946B5985}.DebugLinux|Win32.ActiveCfg = DebugLinux|Win32
		{ED6672E2-A0EE-427C-A3E1-5429946B5985}.DebugLinux|Win32.Build.0 = DebugLinux|Win32
		{ED6672E2-A0EE-427C-A3E1-5429946B5985}.Release|Win32.ActiveCfg = Release|Win32
		{ED6672E2-A0EE-427C-A3E1-5429946B5985}.Release|Win32.Build.0 = Release|Win32
		{ED6672E2-A0EE-427C-A3E1-5429946B5985}.ReleaseLinux|Win32.ActiveCfg = ReleaseLinux|Win32
		{ED6672E2-A0EE-427C-A3E1-5429946B5985}.ReleaseLinux|Win32.Build.0 = ReleaseLinux|Win32
		{00FFF353-EC55-4872-979B-D3211D87A883}.Debug|Win32.ActiveCfg = Debug|Win32
		{00FFF353-EC55-4872-979B-D3211D87A883}.Debug|Win32.Build.0 = Debug|Win32
		{00FFF353-EC55-4872-979B-D3211D87A883}.DebugLinux|Win32.ActiveCfg = DebugLinux|Win32
		{00FFF353-EC55-4872-979B-D3211D87A883}.DebugLinux|Win32.Build.0 = DebugLinux|Win32
		{00FFF353-EC55-4872-979B-D3211D87A883}.Release|Win32.ActiveCfg = Release|Win32
		{00FFF353-EC55-4872-979B-D3211D87A883}.Release|Win32.Build.0 = Release|Win32
		{00FFF353-EC55-4872-979B-D3211D87A883}.ReleaseLinux|Win32.ActiveCfg = ReleaseLinux|Win32
		{00FFF353-EC55-4872-979B-D3211D87A883}.ReleaseLinux|Win32.Build.0 = ReleaseLinux|Win32
		{93AD8E65-FB3A-414D-BA0B-6E8FFDDB6CAB}.Debug|Win32.ActiveCfg = Debug|Win32
		{93AD8E65-FB3A-414D-BA0B-6E8FFDDB6CAB}.Debug|Win32.Build.0 = Debug|Win32
		{93AD8E65-FB3A-414D-BA0B-6E8FFDDB6CAB}.DebugLinux|Win32.ActiveCfg = DebugLinux|Win32
		{93AD8E65-FB3A-414D-BA0B-6E8FFDDB6CAB}.DebugLinux|Win32.Build.0 = DebugLinux|Win32
		{93AD8E65-FB3A-414D-BA0B-6E8FFDDB6CAB}.Release|Win32.ActiveCfg = Release|Win32
		{93AD8E65-FB3A-414D-BA0B-6E8FFDDB6CAB}.Release|Win32.Build.0 = Release|Win32
		{93AD8E65-FB3A-414D-BA0B-6E8FFDDB6CAB}.ReleaseLinux|Win32.ActiveCfg = ReleaseLinux|Win32
		{93AD8E65-FB3A-414D-BA0B-6E8FFDDB6CAB}.ReleaseLinux|Win32.Build.0 = ReleaseLinux|Win32
		{1E5779FC-265E-4331-AAAD-79AAFD688DA4}.Debug|Win32.ActiveCfg = Debug|Win32
		{1E5779FC-265E-4331-AAAD-79AAFD688DA4}.Debug|Win32.Build.0 = Debug|Win32
		{1E5779FC-265E-4331-AAAD-79AAFD688DA4}.DebugLinux|Win32.ActiveCfg = DebugLinux|Win32
		{1E5779FC-265E-4331-AAAD-79AAFD688DA4}.DebugLinux|Win32.Build.0 = DebugLinux|Win32
		{1E5779FC-265E-4331-AAAD-79AAFD688DA4}.Release|Win32.ActiveCfg = Release|Win32
		{1E5779FC-265E-4331-AAAD-79AAFD688DA4}.Release|Win32.Build.0 = Release|Win32
		{1E5779FC-265E-4331-AAAD-79AAFD688DA4}.ReleaseLinux|Win32.ActiveCfg = ReleaseLinux|Win32
		{1E5779FC-265E-4331-AAAD-79AAFD688DA4}.ReleaseLinux|Win32.Build.0 = ReleaseLinux|Win32
	EndGlobalSection
	GlobalSection(SolutionProperties) = preSolution
		HideSolutionNode = FALSE
	EndGlobalSection
	GlobalSection(NestedProjects) = preSolution
		{6276A121-5951-40D4-B2ED-0325573E8055} = {ADAC4279-432A-45C8-9CDF-687926EEE81E}
		{93AD8E65-FB3A-414D-BA0B-6E8FFDDB6CAB} = {ADAC4279-432A-45C8-9CDF-687926EEE81E}
		{1E5779FC-265E-4331-AAAD-79AAFD688DA4} = {ADAC4279-432A-45C8-9CDF-687926EEE81E}
	EndGlobalSection
	GlobalSection(ExtensibilityGlobals) = postSolution
		SolutionGuid = {20A6BB8D-F520-429E-8E06-4D36802A7DAC}
	EndGlobalSection
EndGlobal
