Microsoft Visual Studio Solution File, Format Version 9.00
# Visual Studio 2005
Project("{8BC9CEB8-8B4A-11D0-8D11-00A0C91BC942}") = "ChronDemon", "ChronDemon\ChronDemon.vcproj", "{48CA07AD-2F5A-4EEF-BC76-C6AF1DB2B0E5}"
	ProjectSection(ProjectDependencies) = postProject
		{6276A121-5951-40D4-B2ED-0325573E8055} = {6276A121-5951-40D4-B2ED-0325573E8055}
		{93AD8E65-FB3A-414D-BA0B-6E8FFDDB6CAB} = {93AD8E65-FB3A-414D-BA0B-6E8FFDDB6CAB}
	EndProjectSection
EndProject
Project("{8BC9CEB8-8B4A-11D0-8D11-00A0C91BC942}") = "Docs", "Docs\Docs.vcproj", "{20473EFA-0AD7-4315-B1A7-10E30A68A450}"
EndProject
Project("{8BC9CEB8-8B4A-11D0-8D11-00A0C91BC942}") = "GCQ", "..\Medusa\GCQ\GCQ.vcproj", "{6276A121-5951-40D4-B2ED-0325573E8055}"
	ProjectSection(ProjectDependencies) = postProject
		{1E5779FC-265E-4331-AAAD-79AAFD688DA4} = {1E5779FC-265E-4331-AAAD-79AAFD688DA4}
		{93AD8E65-FB3A-414D-BA0B-6E8FFDDB6CAB} = {93AD8E65-FB3A-414D-BA0B-6E8FFDDB6CAB}
	EndProjectSection
EndProject
Project("{8BC9CEB8-8B4A-11D0-8D11-00A0C91BC942}") = "GCQDB", "GCQDB\GCQDB.vcproj", "{7284EA97-94FA-4EBD-AAD9-2310FBDFB950}"
	ProjectSection(ProjectDependencies) = postProject
		{93AD8E65-FB3A-414D-BA0B-6E8FFDDB6CAB} = {93AD8E65-FB3A-414D-BA0B-6E8FFDDB6CAB}
	EndProjectSection
EndProject
Project("{8BC9CEB8-8B4A-11D0-8D11-00A0C91BC942}") = "GCQL", "GCQL\GCQL.vcproj", "{8509AF90-92EF-439B-A9C5-01DB88C8D1AE}"
	ProjectSection(ProjectDependencies) = postProject
		{1E5779FC-265E-4331-AAAD-79AAFD688DA4} = {1E5779FC-265E-4331-AAAD-79AAFD688DA4}
		{1278B3AB-A6CF-4DCC-8618-825DAA578949} = {1278B3AB-A6CF-4DCC-8618-825DAA578949}
		{51C39692-A54B-4C22-8380-6B03765ED3FF} = {51C39692-A54B-4C22-8380-6B03765ED3FF}
		{0593B188-284E-4657-BA15-4BC703673F8F} = {0593B188-284E-4657-BA15-4BC703673F8F}
		{93AD8E65-FB3A-414D-BA0B-6E8FFDDB6CAB} = {93AD8E65-FB3A-414D-BA0B-6E8FFDDB6CAB}
		{6276A121-5951-40D4-B2ED-0325573E8055} = {6276A121-5951-40D4-B2ED-0325573E8055}
	EndProjectSection
EndProject
Project("{8BC9CEB8-8B4A-11D0-8D11-00A0C91BC942}") = "GCQS", "GCQS\GCQS.vcproj", "{EE2769FC-9D30-429C-A923-2F366FCE93EE}"
	ProjectSection(ProjectDependencies) = postProject
		{6276A121-5951-40D4-B2ED-0325573E8055} = {6276A121-5951-40D4-B2ED-0325573E8055}
		{1E5779FC-265E-4331-AAAD-79AAFD688DA4} = {1E5779FC-265E-4331-AAAD-79AAFD688DA4}
		{93AD8E65-FB3A-414D-BA0B-6E8FFDDB6CAB} = {93AD8E65-FB3A-414D-BA0B-6E8FFDDB6CAB}
	EndProjectSection
EndProject
Project("{8BC9CEB8-8B4A-11D0-8D11-00A0C91BC942}") = "HelpBot", "HelpBot\HelpBot.vcproj", "{339D82C1-D37B-47F9-8946-B0F794A60E21}"
	ProjectSection(ProjectDependencies) = postProject
		{93AD8E65-FB3A-414D-BA0B-6E8FFDDB6CAB} = {93AD8E65-FB3A-414D-BA0B-6E8FFDDB6CAB}
		{6276A121-5951-40D4-B2ED-0325573E8055} = {6276A121-5951-40D4-B2ED-0325573E8055}
	EndProjectSection
EndProject
Project("{8BC9CEB8-8B4A-11D0-8D11-00A0C91BC942}") = "LogServer", "LogServer\LogServer.vcproj", "{F624D314-D4D8-4180-B149-5A773A5B7DB8}"
	ProjectSection(ProjectDependencies) = postProject
		{1E5779FC-265E-4331-AAAD-79AAFD688DA4} = {1E5779FC-265E-4331-AAAD-79AAFD688DA4}
		{93AD8E65-FB3A-414D-BA0B-6E8FFDDB6CAB} = {93AD8E65-FB3A-414D-BA0B-6E8FFDDB6CAB}
	EndProjectSection
EndProject
Project("{8BC9CEB8-8B4A-11D0-8D11-00A0C91BC942}") = "MetaServer", "MetaServer\MetaServer.vcproj", "{5980A896-5555-4A72-B90C-5CCB71DC8E74}"
	ProjectSection(ProjectDependencies) = postProject
		{1E5779FC-265E-4331-AAAD-79AAFD688DA4} = {1E5779FC-265E-4331-AAAD-79AAFD688DA4}
		{93AD8E65-FB3A-414D-BA0B-6E8FFDDB6CAB} = {93AD8E65-FB3A-414D-BA0B-6E8FFDDB6CAB}
		{6276A121-5951-40D4-B2ED-0325573E8055} = {6276A121-5951-40D4-B2ED-0325573E8055}
		{EE2769FC-9D30-429C-A923-2F366FCE93EE} = {EE2769FC-9D30-429C-A923-2F366FCE93EE}
		{7284EA97-94FA-4EBD-AAD9-2310FBDFB950} = {7284EA97-94FA-4EBD-AAD9-2310FBDFB950}
	EndProjectSection
EndProject
Project("{8BC9CEB8-8B4A-11D0-8D11-00A0C91BC942}") = "MirrorClient", "MirrorClient\MirrorClient.vcproj", "{A7469022-EA80-42F1-8D16-10D3910D4722}"
	ProjectSection(ProjectDependencies) = postProject
		{1E5779FC-265E-4331-AAAD-79AAFD688DA4} = {1E5779FC-265E-4331-AAAD-79AAFD688DA4}
		{93AD8E65-FB3A-414D-BA0B-6E8FFDDB6CAB} = {93AD8E65-FB3A-414D-BA0B-6E8FFDDB6CAB}
	EndProjectSection
EndProject
Project("{8BC9CEB8-8B4A-11D0-8D11-00A0C91BC942}") = "MirrorServer", "MirrorServer\MirrorServer.vcproj", "{8F38C29B-8796-4303-BC5A-30DEF689D99F}"
	ProjectSection(ProjectDependencies) = postProject
		{6276A121-5951-40D4-B2ED-0325573E8055} = {6276A121-5951-40D4-B2ED-0325573E8055}
		{93AD8E65-FB3A-414D-BA0B-6E8FFDDB6CAB} = {93AD8E65-FB3A-414D-BA0B-6E8FFDDB6CAB}
		{1E5779FC-265E-4331-AAAD-79AAFD688DA4} = {1E5779FC-265E-4331-AAAD-79AAFD688DA4}
	EndProjectSection
EndProject
Project("{8BC9CEB8-8B4A-11D0-8D11-00A0C91BC942}") = "MirrorUpdate", "MirrorUpdate\MirrorUpdate.vcproj", "{5DD2E8EA-2981-4446-A2C3-3AB84785822C}"
EndProject
Project("{8BC9CEB8-8B4A-11D0-8D11-00A0C91BC942}") = "MirrorUpload", "MirrorUpload\MirrorUpload.vcproj", "{75E526E5-DEC2-467E-918F-D9DE1D4CF76D}"
	ProjectSection(ProjectDependencies) = postProject
		{1E5779FC-265E-4331-AAAD-79AAFD688DA4} = {1E5779FC-265E-4331-AAAD-79AAFD688DA4}
		{93AD8E65-FB3A-414D-BA0B-6E8FFDDB6CAB} = {93AD8E65-FB3A-414D-BA0B-6E8FFDDB6CAB}
	EndProjectSection
EndProject
Project("{8BC9CEB8-8B4A-11D0-8D11-00A0C91BC942}") = "ProcessServer", "ProcessServer\ProcessServer.vcproj", "{ED6672E2-A0EE-427C-A3E1-5429946B5985}"
	ProjectSection(ProjectDependencies) = postProject
		{6276A121-5951-40D4-B2ED-0325573E8055} = {6276A121-5951-40D4-B2ED-0325573E8055}
		{EE2769FC-9D30-429C-A923-2F366FCE93EE} = {EE2769FC-9D30-429C-A923-2F366FCE93EE}
		{1E5779FC-265E-4331-AAAD-79AAFD688DA4} = {1E5779FC-265E-4331-AAAD-79AAFD688DA4}
		{93AD8E65-FB3A-414D-BA0B-6E8FFDDB6CAB} = {93AD8E65-FB3A-414D-BA0B-6E8FFDDB6CAB}
	EndProjectSection
EndProject
Project("{8BC9CEB8-8B4A-11D0-8D11-00A0C91BC942}") = "RotateLogs", "RotateLogs\RotateLogs.vcproj", "{00FFF353-EC55-4872-979B-D3211D87A883}"
	ProjectSection(ProjectDependencies) = postProject
		{93AD8E65-FB3A-414D-BA0B-6E8FFDDB6CAB} = {93AD8E65-FB3A-414D-BA0B-6E8FFDDB6CAB}
	EndProjectSection
EndProject
Project("{8BC9CEB8-8B4A-11D0-8D11-00A0C91BC942}") = "SelfUpdate", "..\Medusa\SelfUpdate\SelfUpdate.vcproj", "{0593B188-284E-4657-BA15-4BC703673F8F}"
	ProjectSection(ProjectDependencies) = postProject
		{93AD8E65-FB3A-414D-BA0B-6E8FFDDB6CAB} = {93AD8E65-FB3A-414D-BA0B-6E8FFDDB6CAB}
		{1E5779FC-265E-4331-AAAD-79AAFD688DA4} = {1E5779FC-265E-4331-AAAD-79AAFD688DA4}
	EndProjectSection
EndProject
Project("{8BC9CEB8-8B4A-11D0-8D11-00A0C91BC942}") = "Service", "Service\Service.vcproj", "{BC4C567C-5E93-447F-87AC-2384FA87B868}"
EndProject
Project("{8BC9CEB8-8B4A-11D0-8D11-00A0C91BC942}") = "SmartUpdate", "SmartUpdate\SmartUpdate.vcproj", "{59C19000-427F-4A33-ADD5-F915C2C7A68F}"
EndProject
Project("{8BC9CEB8-8B4A-11D0-8D11-00A0C91BC942}") = "StopServer", "StopServer\StopServer.vcproj", "{B9B8E276-86E1-41E6-98B0-042CB637540A}"
	ProjectSection(ProjectDependencies) = postProject
		{93AD8E65-FB3A-414D-BA0B-6E8FFDDB6CAB} = {93AD8E65-FB3A-414D-BA0B-6E8FFDDB6CAB}
	EndProjectSection
EndProject
Project("{8BC9CEB8-8B4A-11D0-8D11-00A0C91BC942}") = "ProcessClient", "ProcessClient\ProcessClient.vcproj", "{ABB92A4B-7AB8-44AA-9E69-BEBA6669E5FC}"
	ProjectSection(ProjectDependencies) = postProject
		{1E5779FC-265E-4331-AAAD-79AAFD688DA4} = {1E5779FC-265E-4331-AAAD-79AAFD688DA4}
		{93AD8E65-FB3A-414D-BA0B-6E8FFDDB6CAB} = {93AD8E65-FB3A-414D-BA0B-6E8FFDDB6CAB}
		{6276A121-5951-40D4-B2ED-0325573E8055} = {6276A121-5951-40D4-B2ED-0325573E8055}
	EndProjectSection
EndProject
Project("{8BC9CEB8-8B4A-11D0-8D11-00A0C91BC942}") = "Medusa", "..\Medusa\Medusa\Medusa.vcproj", "{93AD8E65-FB3A-414D-BA0B-6E8FFDDB6CAB}"
EndProject
Project("{8BC9CEB8-8B4A-11D0-8D11-00A0C91BC942}") = "Network", "..\Medusa\Network\Network.vcproj", "{1E5779FC-265E-4331-AAAD-79AAFD688DA4}"
	ProjectSection(ProjectDependencies) = postProject
		{93AD8E65-FB3A-414D-BA0B-6E8FFDDB6CAB} = {93AD8E65-FB3A-414D-BA0B-6E8FFDDB6CAB}
	EndProjectSection
EndProject
Project("{8BC9CEB8-8B4A-11D0-8D11-00A0C91BC942}") = "BCGControlBar", "ThirdParty\BCGControlBar\BCGControlBar\BCGControlBar71.vcproj", "{1278B3AB-A6CF-4DCC-8618-825DAA578949}"
EndProject
Project("{8BC9CEB8-8B4A-11D0-8D11-00A0C91BC942}") = "tinyxml", "ThirdParty\tinyxml\tinyxml.vcproj", "{51C39692-A54B-4C22-8380-6B03765ED3FF}"
EndProject
Project("{2150E333-8FDC-42A3-9474-1A3956D46DE8}") = "MedusaEngine", "MedusaEngine", "{ADAC4279-432A-45C8-9CDF-687926EEE81E}"
EndProject
Project("{2150E333-8FDC-42A3-9474-1A3956D46DE8}") = "ThirdParty", "ThirdParty", "{EB89619D-E290-4859-A94D-3D96CB4B0250}"
EndProject
Project("{8BC9CEB8-8B4A-11D0-8D11-00A0C91BC942}") = "ProcessClientCLI", "ProcessClientCLI\ProcessClientCLI.vcproj", "{767F7C0A-3C1F-4AEC-B64E-F986B67DB411}"
EndProject
Global
	GlobalSection(SolutionConfigurationPlatforms) = preSolution
		Debug|Win32 = Debug|Win32
		DebugLinux|Win32 = DebugLinux|Win32
		Release|Win32 = Release|Win32
		ReleaseLinux|Win32 = ReleaseLinux|Win32
	EndGlobalSection
	GlobalSection(ProjectConfigurationPlatforms) = postSolution
		{48CA07AD-2F5A-4EEF-BC76-C6AF1DB2B0E5}.Debug|Win32.ActiveCfg = Debug|Win32
		{48CA07AD-2F5A-4EEF-BC76-C6AF1DB2B0E5}.Debug|Win32.Build.0 = Debug|Win32
		{48CA07AD-2F5A-4EEF-BC76-C6AF1DB2B0E5}.DebugLinux|Win32.ActiveCfg = DebugLinux|Win32
		{48CA07AD-2F5A-4EEF-BC76-C6AF1DB2B0E5}.DebugLinux|Win32.Build.0 = DebugLinux|Win32
		{48CA07AD-2F5A-4EEF-BC76-C6AF1DB2B0E5}.Release|Win32.ActiveCfg = Release|Win32
		{48CA07AD-2F5A-4EEF-BC76-C6AF1DB2B0E5}.Release|Win32.Build.0 = Release|Win32
		{48CA07AD-2F5A-4EEF-BC76-C6AF1DB2B0E5}.ReleaseLinux|Win32.ActiveCfg = ReleaseLinux|Win32
		{48CA07AD-2F5A-4EEF-BC76-C6AF1DB2B0E5}.ReleaseLinux|Win32.Build.0 = ReleaseLinux|Win32
		{20473EFA-0AD7-4315-B1A7-10E30A68A450}.Debug|Win32.ActiveCfg = Debug|Win32
		{20473EFA-0AD7-4315-B1A7-10E30A68A450}.Debug|Win32.Build.0 = Debug|Win32
		{20473EFA-0AD7-4315-B1A7-10E30A68A450}.DebugLinux|Win32.ActiveCfg = Debug|Win32
		{20473EFA-0AD7-4315-B1A7-10E30A68A450}.Release|Win32.ActiveCfg = Release|Win32
		{20473EFA-0AD7-4315-B1A7-10E30A68A450}.Release|Win32.Build.0 = Release|Win32
		{20473EFA-0AD7-4315-B1A7-10E30A68A450}.ReleaseLinux|Win32.ActiveCfg = Release|Win32
		{6276A121-5951-40D4-B2ED-0325573E8055}.Debug|Win32.ActiveCfg = Debug|Win32
		{6276A121-5951-40D4-B2ED-0325573E8055}.Debug|Win32.Build.0 = Debug|Win32
		{6276A121-5951-40D4-B2ED-0325573E8055}.DebugLinux|Win32.ActiveCfg = DebugLinux|Win32
		{6276A121-5951-40D4-B2ED-0325573E8055}.DebugLinux|Win32.Build.0 = DebugLinux|Win32
		{6276A121-5951-40D4-B2ED-0325573E8055}.Release|Win32.ActiveCfg = Release|Win32
		{6276A121-5951-40D4-B2ED-0325573E8055}.Release|Win32.Build.0 = Release|Win32
		{6276A121-5951-40D4-B2ED-0325573E8055}.ReleaseLinux|Win32.ActiveCfg = ReleaseLinux|Win32
		{6276A121-5951-40D4-B2ED-0325573E8055}.ReleaseLinux|Win32.Build.0 = ReleaseLinux|Win32
		{7284EA97-94FA-4EBD-AAD9-2310FBDFB950}.Debug|Win32.ActiveCfg = Debug|Win32
		{7284EA97-94FA-4EBD-AAD9-2310FBDFB950}.Debug|Win32.Build.0 = Debug|Win32
		{7284EA97-94FA-4EBD-AAD9-2310FBDFB950}.DebugLinux|Win32.ActiveCfg = DebugLinux|Win32
		{7284EA97-94FA-4EBD-AAD9-2310FBDFB950}.DebugLinux|Win32.Build.0 = DebugLinux|Win32
		{7284EA97-94FA-4EBD-AAD9-2310FBDFB950}.Release|Win32.ActiveCfg = Release|Win32
		{7284EA97-94FA-4EBD-AAD9-2310FBDFB950}.Release|Win32.Build.0 = Release|Win32
		{7284EA97-94FA-4EBD-AAD9-2310FBDFB950}.ReleaseLinux|Win32.ActiveCfg = ReleaseLinux|Win32
		{7284EA97-94FA-4EBD-AAD9-2310FBDFB950}.ReleaseLinux|Win32.Build.0 = ReleaseLinux|Win32
		{8509AF90-92EF-439B-A9C5-01DB88C8D1AE}.Debug|Win32.ActiveCfg = Debug|Win32
		{8509AF90-92EF-439B-A9C5-01DB88C8D1AE}.Debug|Win32.Build.0 = Debug|Win32
		{8509AF90-92EF-439B-A9C5-01DB88C8D1AE}.DebugLinux|Win32.ActiveCfg = Debug|Win32
		{8509AF90-92EF-439B-A9C5-01DB88C8D1AE}.Release|Win32.ActiveCfg = Release|Win32
		{8509AF90-92EF-439B-A9C5-01DB88C8D1AE}.Release|Win32.Build.0 = Release|Win32
		{8509AF90-92EF-439B-A9C5-01DB88C8D1AE}.ReleaseLinux|Win32.ActiveCfg = Release|Win32
		{EE2769FC-9D30-429C-A923-2F366FCE93EE}.Debug|Win32.ActiveCfg = Debug|Win32
		{EE2769FC-9D30-429C-A923-2F366FCE93EE}.Debug|Win32.Build.0 = Debug|Win32
		{EE2769FC-9D30-429C-A923-2F366FCE93EE}.DebugLinux|Win32.ActiveCfg = DebugLinux|Win32
		{EE2769FC-9D30-429C-A923-2F366FCE93EE}.DebugLinux|Win32.Build.0 = DebugLinux|Win32
		{EE2769FC-9D30-429C-A923-2F366FCE93EE}.Release|Win32.ActiveCfg = Release|Win32
		{EE2769FC-9D30-429C-A923-2F366FCE93EE}.Release|Win32.Build.0 = Release|Win32
		{EE2769FC-9D30-429C-A923-2F366FCE93EE}.ReleaseLinux|Win32.ActiveCfg = ReleaseLinux|Win32
		{EE2769FC-9D30-429C-A923-2F366FCE93EE}.ReleaseLinux|Win32.Build.0 = ReleaseLinux|Win32
		{339D82C1-D37B-47F9-8946-B0F794A60E21}.Debug|Win32.ActiveCfg = Debug|Win32
		{339D82C1-D37B-47F9-8946-B0F794A60E21}.Debug|Win32.Build.0 = Debug|Win32
		{339D82C1-D37B-47F9-8946-B0F794A60E21}.DebugLinux|Win32.ActiveCfg = Debug|Win32
		{339D82C1-D37B-47F9-8946-B0F794A60E21}.Release|Win32.ActiveCfg = Release|Win32
		{339D82C1-D37B-47F9-8946-B0F794A60E21}.Release|Win32.Build.0 = Release|Win32
		{339D82C1-D37B-47F9-8946-B0F794A60E21}.ReleaseLinux|Win32.ActiveCfg = Release|Win32
		{F624D314-D4D8-4180-B149-5A773A5B7DB8}.Debug|Win32.ActiveCfg = Debug|Win32
		{F624D314-D4D8-4180-B149-5A773A5B7DB8}.Debug|Win32.Build.0 = Debug|Win32
		{F624D314-D4D8-4180-B149-5A773A5B7DB8}.DebugLinux|Win32.ActiveCfg = DebugLinux|Win32
		{F624D314-D4D8-4180-B149-5A773A5B7DB8}.DebugLinux|Win32.Build.0 = DebugLinux|Win32
		{F624D314-D4D8-4180-B149-5A773A5B7DB8}.Release|Win32.ActiveCfg = Release|Win32
		{F624D314-D4D8-4180-B149-5A773A5B7DB8}.Release|Win32.Build.0 = Release|Win32
		{F624D314-D4D8-4180-B149-5A773A5B7DB8}.ReleaseLinux|Win32.ActiveCfg = ReleaseLinux|Win32
		{F624D314-D4D8-4180-B149-5A773A5B7DB8}.ReleaseLinux|Win32.Build.0 = ReleaseLinux|Win32
		{5980A896-5555-4A72-B90C-5CCB71DC8E74}.Debug|Win32.ActiveCfg = Debug|Win32
		{5980A896-5555-4A72-B90C-5CCB71DC8E74}.Debug|Win32.Build.0 = Debug|Win32
		{5980A896-5555-4A72-B90C-5CCB71DC8E74}.DebugLinux|Win32.ActiveCfg = DebugLinux|Win32
		{5980A896-5555-4A72-B90C-5CCB71DC8E74}.DebugLinux|Win32.Build.0 = DebugLinux|Win32
		{5980A896-5555-4A72-B90C-5CCB71DC8E74}.Release|Win32.ActiveCfg = Release|Win32
		{5980A896-5555-4A72-B90C-5CCB71DC8E74}.Release|Win32.Build.0 = Release|Win32
		{5980A896-5555-4A72-B90C-5CCB71DC8E74}.ReleaseLinux|Win32.ActiveCfg = ReleaseLinux|Win32
		{5980A896-5555-4A72-B90C-5CCB71DC8E74}.ReleaseLinux|Win32.Build.0 = ReleaseLinux|Win32
		{A7469022-EA80-42F1-8D16-10D3910D4722}.Debug|Win32.ActiveCfg = Debug|Win32
		{A7469022-EA80-42F1-8D16-10D3910D4722}.Debug|Win32.Build.0 = Debug|Win32
		{A7469022-EA80-42F1-8D16-10D3910D4722}.DebugLinux|Win32.ActiveCfg = Debug|Win32
		{A7469022-EA80-42F1-8D16-10D3910D4722}.Release|Win32.ActiveCfg = Release|Win32
		{A7469022-EA80-42F1-8D16-10D3910D4722}.Release|Win32.Build.0 = Release|Win32
		{A7469022-EA80-42F1-8D16-10D3910D4722}.ReleaseLinux|Win32.ActiveCfg = Release|Win32
		{8F38C29B-8796-4303-BC5A-30DEF689D99F}.Debug|Win32.ActiveCfg = Debug|Win32
		{8F38C29B-8796-4303-BC5A-30DEF689D99F}.Debug|Win32.Build.0 = Debug|Win32
		{8F38C29B-8796-4303-BC5A-30DEF689D99F}.DebugLinux|Win32.ActiveCfg = DebugLinux|Win32
		{8F38C29B-8796-4303-BC5A-30DEF689D99F}.DebugLinux|Win32.Build.0 = DebugLinux|Win32
		{8F38C29B-8796-4303-BC5A-30DEF689D99F}.Release|Win32.ActiveCfg = Release|Win32
		{8F38C29B-8796-4303-BC5A-30DEF689D99F}.Release|Win32.Build.0 = Release|Win32
		{8F38C29B-8796-4303-BC5A-30DEF689D99F}.ReleaseLinux|Win32.ActiveCfg = ReleaseLinux|Win32
		{8F38C29B-8796-4303-BC5A-30DEF689D99F}.ReleaseLinux|Win32.Build.0 = ReleaseLinux|Win32
		{5DD2E8EA-2981-4446-A2C3-3AB84785822C}.Debug|Win32.ActiveCfg = Debug|Win32
		{5DD2E8EA-2981-4446-A2C3-3AB84785822C}.Debug|Win32.Build.0 = Debug|Win32
		{5DD2E8EA-2981-4446-A2C3-3AB84785822C}.DebugLinux|Win32.ActiveCfg = Debug|Win32
		{5DD2E8EA-2981-4446-A2C3-3AB84785822C}.Release|Win32.ActiveCfg = Release|Win32
		{5DD2E8EA-2981-4446-A2C3-3AB84785822C}.Release|Win32.Build.0 = Release|Win32
		{5DD2E8EA-2981-4446-A2C3-3AB84785822C}.ReleaseLinux|Win32.ActiveCfg = Release|Win32
		{75E526E5-DEC2-467E-918F-D9DE1D4CF76D}.Debug|Win32.ActiveCfg = Debug|Win32
		{75E526E5-DEC2-467E-918F-D9DE1D4CF76D}.Debug|Win32.Build.0 = Debug|Win32
		{75E526E5-DEC2-467E-918F-D9DE1D4CF76D}.DebugLinux|Win32.ActiveCfg = Debug|Win32
		{75E526E5-DEC2-467E-918F-D9DE1D4CF76D}.Release|Win32.ActiveCfg = Release|Win32
		{75E526E5-DEC2-467E-918F-D9DE1D4CF76D}.Release|Win32.Build.0 = Release|Win32
		{75E526E5-DEC2-467E-918F-D9DE1D4CF76D}.ReleaseLinux|Win32.ActiveCfg = Release|Win32
		{ED6672E2-A0EE-427C-A3E1-5429946B5985}.Debug|Win32.ActiveCfg = Debug|Win32
		{ED6672E2-A0EE-427C-A3E1-5429946B5985}.Debug|Win32.Build.0 = Debug|Win32
		{ED6672E2-A0EE-427C-A3E1-5429946B5985}.DebugLinux|Win32.ActiveCfg = DebugLinux|Win32
		{ED6672E2-A0EE-427C-A3E1-5429946B5985}.DebugLinux|Win32.Build.0 = DebugLinux|Win32
		{ED6672E2-A0EE-427C-A3E1-5429946B5985}.Release|Win32.ActiveCfg = Release|Win32
		{ED6672E2-A0EE-427C-A3E1-5429946B5985}.Release|Win32.Build.0 = Release|Win32
		{ED6672E2-A0EE-427C-A3E1-5429946B5985}.ReleaseLinux|Win32.ActiveCfg = ReleaseLinux|Win32
		{ED6672E2-A0EE-427C-A3E1-5429946B5985}.ReleaseLinux|Win32.Build.0 = ReleaseLinux|Win32
		{00FFF353-EC55-4872-979B-D3211D87A883}.Debug|Win32.ActiveCfg = Debug|Win32
		{00FFF353-EC55-4872-979B-D3211D87A883}.Debug|Win32.Build.0 = Debug|Win32
		{00FFF353-EC55-4872-979B-D3211D87A883}.DebugLinux|Win32.ActiveCfg = DebugLinux|Win32
		{00FFF353-EC55-4872-979B-D3211D87A883}.DebugLinux|Win32.Build.0 = DebugLinux|Win32
		{00FFF353-EC55-4872-979B-D3211D87A883}.Release|Win32.ActiveCfg = Release|Win32
		{00FFF353-EC55-4872-979B-D3211D87A883}.Release|Win32.Build.0 = Release|Win32
		{00FFF353-EC55-4872-979B-D3211D87A883}.ReleaseLinux|Win32.ActiveCfg = ReleaseLinux|Win32
		{00FFF353-EC55-4872-979B-D3211D87A883}.ReleaseLinux|Win32.Build.0 = ReleaseLinux|Win32
		{0593B188-284E-4657-BA15-4BC703673F8F}.Debug|Win32.ActiveCfg = Debug|Win32
		{0593B188-284E-4657-BA15-4BC703673F8F}.Debug|Win32.Build.0 = Debug|Win32
		{0593B188-284E-4657-BA15-4BC703673F8F}.DebugLinux|Win32.ActiveCfg = Debug|Win32
		{0593B188-284E-4657-BA15-4BC703673F8F}.Release|Win32.ActiveCfg = Release|Win32
		{0593B188-284E-4657-BA15-4BC703673F8F}.Release|Win32.Build.0 = Release|Win32
		{0593B188-284E-4657-BA15-4BC703673F8F}.ReleaseLinux|Win32.ActiveCfg = Release|Win32
		{BC4C567C-5E93-447F-87AC-2384FA87B868}.Debug|Win32.ActiveCfg = Debug|Win32
		{BC4C567C-5E93-447F-87AC-2384FA87B868}.Debug|Win32.Build.0 = Debug|Win32
		{BC4C567C-5E93-447F-87AC-2384FA87B868}.DebugLinux|Win32.ActiveCfg = Debug|Win32
		{BC4C567C-5E93-447F-87AC-2384FA87B868}.Release|Win32.ActiveCfg = Release|Win32
		{BC4C567C-5E93-447F-87AC-2384FA87B868}.Release|Win32.Build.0 = Release|Win32
		{BC4C567C-5E93-447F-87AC-2384FA87B868}.ReleaseLinux|Win32.ActiveCfg = Release|Win32
		{59C19000-427F-4A33-ADD5-F915C2C7A68F}.Debug|Win32.ActiveCfg = Debug|Win32
		{59C19000-427F-4A33-ADD5-F915C2C7A68F}.Debug|Win32.Build.0 = Debug|Win32
		{59C19000-427F-4A33-ADD5-F915C2C7A68F}.DebugLinux|Win32.ActiveCfg = Debug|Win32
		{59C19000-427F-4A33-ADD5-F915C2C7A68F}.Release|Win32.ActiveCfg = Release|Win32
		{59C19000-427F-4A33-ADD5-F915C2C7A68F}.Release|Win32.Build.0 = Release|Win32
		{59C19000-427F-4A33-ADD5-F915C2C7A68F}.ReleaseLinux|Win32.ActiveCfg = Release|Win32
		{B9B8E276-86E1-41E6-98B0-042CB637540A}.Debug|Win32.ActiveCfg = Debug|Win32
		{B9B8E276-86E1-41E6-98B0-042CB637540A}.Debug|Win32.Build.0 = Debug|Win32
		{B9B8E276-86E1-41E6-98B0-042CB637540A}.DebugLinux|Win32.ActiveCfg = Debug|Win32
		{B9B8E276-86E1-41E6-98B0-042CB637540A}.Release|Win32.ActiveCfg = Release|Win32
		{B9B8E276-86E1-41E6-98B0-042CB637540A}.Release|Win32.Build.0 = Release|Win32
		{B9B8E276-86E1-41E6-98B0-042CB637540A}.ReleaseLinux|Win32.ActiveCfg = Release|Win32
		{ABB92A4B-7AB8-44AA-9E69-BEBA6669E5FC}.Debug|Win32.ActiveCfg = Debug|Win32
		{ABB92A4B-7AB8-44AA-9E69-BEBA6669E5FC}.Debug|Win32.Build.0 = Debug|Win32
		{ABB92A4B-7AB8-44AA-9E69-BEBA6669E5FC}.DebugLinux|Win32.ActiveCfg = Debug|Win32
		{ABB92A4B-7AB8-44AA-9E69-BEBA6669E5FC}.Release|Win32.ActiveCfg = Release|Win32
		{ABB92A4B-7AB8-44AA-9E69-BEBA6669E5FC}.Release|Win32.Build.0 = Release|Win32
		{ABB92A4B-7AB8-44AA-9E69-BEBA6669E5FC}.ReleaseLinux|Win32.ActiveCfg = Release|Win32
		{93AD8E65-FB3A-414D-BA0B-6E8FFDDB6CAB}.Debug|Win32.ActiveCfg = Debug|Win32
		{93AD8E65-FB3A-414D-BA0B-6E8FFDDB6CAB}.Debug|Win32.Build.0 = Debug|Win32
		{93AD8E65-FB3A-414D-BA0B-6E8FFDDB6CAB}.DebugLinux|Win32.ActiveCfg = DebugLinux|Win32
		{93AD8E65-FB3A-414D-BA0B-6E8FFDDB6CAB}.DebugLinux|Win32.Build.0 = DebugLinux|Win32
		{93AD8E65-FB3A-414D-BA0B-6E8FFDDB6CAB}.Release|Win32.ActiveCfg = Release|Win32
		{93AD8E65-FB3A-414D-BA0B-6E8FFDDB6CAB}.Release|Win32.Build.0 = Release|Win32
		{93AD8E65-FB3A-414D-BA0B-6E8FFDDB6CAB}.ReleaseLinux|Win32.ActiveCfg = ReleaseLinux|Win32
		{93AD8E65-FB3A-414D-BA0B-6E8FFDDB6CAB}.ReleaseLinux|Win32.Build.0 = ReleaseLinux|Win32
		{1E5779FC-265E-4331-AAAD-79AAFD688DA4}.Debug|Win32.ActiveCfg = Debug|Win32
		{1E5779FC-265E-4331-AAAD-79AAFD688DA4}.Debug|Win32.Build.0 = Debug|Win32
		{1E5779FC-265E-4331-AAAD-79AAFD688DA4}.DebugLinux|Win32.ActiveCfg = DebugLinux|Win32
		{1E5779FC-265E-4331-AAAD-79AAFD688DA4}.DebugLinux|Win32.Build.0 = DebugLinux|Win32
		{1E5779FC-265E-4331-AAAD-79AAFD688DA4}.Release|Win32.ActiveCfg = Release|Win32
		{1E5779FC-265E-4331-AAAD-79AAFD688DA4}.Release|Win32.Build.0 = Release|Win32
		{1E5779FC-265E-4331-AAAD-79AAFD688DA4}.ReleaseLinux|Win32.ActiveCfg = ReleaseLinux|Win32
		{1E5779FC-265E-4331-AAAD-79AAFD688DA4}.ReleaseLinux|Win32.Build.0 = ReleaseLinux|Win32
		{1278B3AB-A6CF-4DCC-8618-825DAA578949}.Debug|Win32.ActiveCfg = Debug|Win32
		{1278B3AB-A6CF-4DCC-8618-825DAA578949}.Debug|Win32.Build.0 = Debug|Win32
		{1278B3AB-A6CF-4DCC-8618-825DAA578949}.DebugLinux|Win32.ActiveCfg = Debug|Win32
		{1278B3AB-A6CF-4DCC-8618-825DAA578949}.DebugLinux|Win32.Build.0 = Debug|Win32
		{1278B3AB-A6CF-4DCC-8618-825DAA578949}.Release|Win32.ActiveCfg = Release|Win32
		{1278B3AB-A6CF-4DCC-8618-825DAA578949}.Release|Win32.Build.0 = Release|Win32
		{1278B3AB-A6CF-4DCC-8618-825DAA578949}.ReleaseLinux|Win32.ActiveCfg = Release|Win32
		{51C39692-A54B-4C22-8380-6B03765ED3FF}.Debug|Win32.ActiveCfg = Debug|Win32
		{51C39692-A54B-4C22-8380-6B03765ED3FF}.Debug|Win32.Build.0 = Debug|Win32
		{51C39692-A54B-4C22-8380-6B03765ED3FF}.DebugLinux|Win32.ActiveCfg = Debug|Win32
		{51C39692-A54B-4C22-8380-6B03765ED3FF}.Release|Win32.ActiveCfg = Release|Win32
		{51C39692-A54B-4C22-8380-6B03765ED3FF}.Release|Win32.Build.0 = Release|Win32
		{51C39692-A54B-4C22-8380-6B03765ED3FF}.ReleaseLinux|Win32.ActiveCfg = Release|Win32
		{767F7C0A-3C1F-4AEC-B64E-F986B67DB411}.Debug|Win32.ActiveCfg = Debug|Win32
		{767F7C0A-3C1F-4AEC-B64E-F986B67DB411}.Debug|Win32.Build.0 = Debug|Win32
		{767F7C0A-3C1F-4AEC-B64E-F986B67DB411}.DebugLinux|Win32.ActiveCfg = DebugLinux|Win32
		{767F7C0A-3C1F-4AEC-B64E-F986B67DB411}.DebugLinux|Win32.Build.0 = DebugLinux|Win32
		{767F7C0A-3C1F-4AEC-B64E-F986B67DB411}.Release|Win32.ActiveCfg = Release|Win32
		{767F7C0A-3C1F-4AEC-B64E-F986B67DB411}.Release|Win32.Build.0 = Release|Win32
		{767F7C0A-3C1F-4AEC-B64E-F986B67DB411}.ReleaseLinux|Win32.ActiveCfg = ReleaseLinux|Win32
		{767F7C0A-3C1F-4AEC-B64E-F986B67DB411}.ReleaseLinux|Win32.Build.0 = ReleaseLinux|Win32
	EndGlobalSection
	GlobalSection(SolutionProperties) = preSolution
		HideSolutionNode = FALSE
	EndGlobalSection
	GlobalSection(NestedProjects) = preSolution
		{0593B188-284E-4657-BA15-4BC703673F8F} = {ADAC4279-432A-45C8-9CDF-687926EEE81E}
		{93AD8E65-FB3A-414D-BA0B-6E8FFDDB6CAB} = {ADAC4279-432A-45C8-9CDF-687926EEE81E}
		{1E5779FC-265E-4331-AAAD-79AAFD688DA4} = {ADAC4279-432A-45C8-9CDF-687926EEE81E}
		{6276A121-5951-40D4-B2ED-0325573E8055} = {ADAC4279-432A-45C8-9CDF-687926EEE81E}
		{51C39692-A54B-4C22-8380-6B03765ED3FF} = {EB89619D-E290-4859-A94D-3D96CB4B0250}
		{1278B3AB-A6CF-4DCC-8618-825DAA578949} = {EB89619D-E290-4859-A94D-3D96CB4B0250}
	EndGlobalSection
EndGlobal
