<?xml version="1.0" encoding="utf-8"?>
<Project ToolsVersion="4.0" xmlns="http://schemas.microsoft.com/developer/msbuild/2003">
  <ItemGroup>
    <Filter Include="Source Files">
      <UniqueIdentifier>{744de7ed-9389-4142-b54e-a96376d946af}</UniqueIdentifier>
      <Extensions>cpp;c;cxx;rc;def;r;odl;idl;hpj;bat</Extensions>
    </Filter>
    <Filter Include="Header Files">
      <UniqueIdentifier>{37083661-7091-4faa-986c-88158e7e441d}</UniqueIdentifier>
      <Extensions>h;hpp;hxx;hm;inl</Extensions>
    </Filter>
    <Filter Include="PDH">
      <UniqueIdentifier>{f59a9994-32d6-4139-bd5a-1538ff37083d}</UniqueIdentifier>
    </Filter>
    <Filter Include="Libs">
      <UniqueIdentifier>{b3175986-165c-4ef8-98e9-2a6e8d28a02c}</UniqueIdentifier>
    </Filter>
  </ItemGroup>
  <ItemGroup>
    <ClCompile Include="perfmon.cpp">
      <Filter>Source Files</Filter>
    </ClCompile>
    <ClCompile Include="ProcessServer.cpp">
      <Filter>Source Files</Filter>
    </ClCompile>
  </ItemGroup>
  <ItemGroup>
    <ClInclude Include="perfmon.h">
      <Filter>Header Files</Filter>
    </ClInclude>
  </ItemGroup>
  <ItemGroup>
    <None Include="..\Scripts\BackupCron.sh" />
    <None Include="..\Scripts\CoreCommands" />
    <None Include="..\Scripts\CoreWatchCron.sh" />
    <None Include="makefile" />
    <None Include="..\Scripts\ProcessServerCron.sh" />
  </ItemGroup>
  <ItemGroup>
    <Library Include="PDH.LIB">
      <Filter>PDH</Filter>
    </Library>
  </ItemGroup>
  <ItemGroup>
    <CustomBuild Include="pdh.dll">
      <Filter>PDH</Filter>
    </CustomBuild>
    <CustomBuild Include="..\..\Medusa\Bin\Medusa.dll">
      <Filter>Libs</Filter>
    </CustomBuild>
    <CustomBuild Include="..\..\Medusa\Bin\MedusaD.dll">
      <Filter>Libs</Filter>
    </CustomBuild>
    <CustomBuild Include="..\..\Medusa\Bin\Network.dll">
      <Filter>Libs</Filter>
    </CustomBuild>
    <CustomBuild Include="..\..\Medusa\Bin\NetworkD.dll">
      <Filter>Libs</Filter>
    </CustomBuild>
    <CustomBuild Include="ProcessServer.ini" />
  </ItemGroup>
</Project>