<?xml version="1.0" encoding="utf-8"?>
<Project ToolsVersion="4.0" xmlns="http://schemas.microsoft.com/developer/msbuild/2003">
  <ItemGroup>
    <Filter Include="Source Files">
      <UniqueIdentifier>{69b1d47b-d3f9-4b6d-89b7-e424a6b9b4c9}</UniqueIdentifier>
      <Extensions>cpp;c;cxx;rc;def;r;odl;idl;hpj;bat</Extensions>
    </Filter>
    <Filter Include="Header Files">
      <UniqueIdentifier>{c0acb46b-cc45-4fe8-b62d-fe889e6869d9}</UniqueIdentifier>
      <Extensions>h;hpp;hxx;hm;inl</Extensions>
    </Filter>
    <Filter Include="Resource Files">
      <UniqueIdentifier>{04046349-03fb-4d67-9942-08e27fab67f4}</UniqueIdentifier>
      <Extensions>ico;cur;bmp;dlg;rc2;rct;bin;rgs;gif;jpg;jpeg;jpe</Extensions>
    </Filter>
  </ItemGroup>
  <ItemGroup>
    <ClCompile Include="MasterServer.cpp">
      <Filter>Source Files</Filter>
    </ClCompile>
    <ClCompile Include="MetaServer.cpp">
      <Filter>Source Files</Filter>
    </ClCompile>
    <ClCompile Include="MetaServerCommands.cpp">
      <Filter>Source Files</Filter>
    </ClCompile>
    <ClCompile Include="ProcessServer.cpp">
      <Filter>Source Files</Filter>
    </ClCompile>
  </ItemGroup>
  <ItemGroup>
    <ClInclude Include="GCQDll.h">
      <Filter>Header Files</Filter>
    </ClInclude>
    <ClInclude Include="MasterServer.h">
      <Filter>Header Files</Filter>
    </ClInclude>
    <ClInclude Include="MetaServer.h">
      <Filter>Header Files</Filter>
    </ClInclude>
    <ClInclude Include="ProcessServer.h">
      <Filter>Header Files</Filter>
    </ClInclude>
  </ItemGroup>
  <ItemGroup>
    <None Include="makefile" />
  </ItemGroup>
  <ItemGroup>
    <Xml Include="WinGDB.xml" />
  </ItemGroup>
</Project>